
Microsoft Visual Studio Solution File, Format Version 12.00
# Visual Studio 15
Project("{FAE04EC0-301F-11D3-BF4B-00C04F79EFBC}") = "Assembly-CSharp", "Assembly-CSharp.csproj", "{263038B3-4518-1F22-2A19-48045E5F7D17}"
EndProject
Project("{FAE04EC0-301F-11D3-BF4B-00C04F79EFBC}") = "Assembly-CSharp-Editor", "Assembly-CSharp-Editor.csproj", "{AD00A3D1-4837-3AB0-8349-5382FC2168C8}"
EndProject
Global
	GlobalSection(SolutionConfigurationPlatforms) = preSolution
		Debug|Any CPU = Debug|Any CPU
		Release|Any CPU = Release|Any CPU
	EndGlobalSection
	GlobalSection(ProjectConfigurationPlatforms) = postSolution
		{263038B3-4518-1F22-2A19-48045E5F7D17}.Debug|Any CPU.ActiveCfg = Debug|Any CPU
		{263038B3-4518-1F22-2A19-48045E5F7D17}.Debug|Any CPU.Build.0 = Debug|Any CPU
		{263038B3-4518-1F22-2A19-48045E5F7D17}.Release|Any CPU.ActiveCfg = Release|Any CPU
		{263038B3-4518-1F22-2A19-48045E5F7D17}.Release|Any CPU.Build.0 = Release|Any CPU
		{AD00A3D1-4837-3AB0-8349-5382FC2168C8}.Debug|Any CPU.ActiveCfg = Debug|Any CPU
		{AD00A3D1-4837-3AB0-8349-5382FC2168C8}.Debug|Any CPU.Build.0 = Debug|Any CPU
		{AD00A3D1-4837-3AB0-8349-5382FC2168C8}.Release|Any CPU.ActiveCfg = Release|Any CPU
		{AD00A3D1-4837-3AB0-8349-5382FC2168C8}.Release|Any CPU.Build.0 = Release|Any CPU
	EndGlobalSection
	GlobalSection(SolutionProperties) = preSolution
		HideSolutionNode = FALSE
	EndGlobalSection
EndGlobal
