
Microsoft Visual Studio Solution File, Format Version 12.00
# Visual Studio 2017
Project("{FAE04EC0-301F-11D3-BF4B-00C04F79EFBC}") = "RacingRogue", "RacingRogue.csproj", "{B501F102-C6E7-BE8C-FF4C-45602ECA7649}"
EndProject
Project("{FAE04EC0-301F-11D3-BF4B-00C04F79EFBC}") = "RacingRogue.Editor", "RacingRogue.Editor.csproj", "{7E9BD86C-250D-F2FC-B9FC-C7C37B9C2F5D}"
EndProject
Global
	GlobalSection(SolutionConfigurationPlatforms) = preSolution
		Debug|Any CPU = Debug|Any CPU
		Release|Any CPU = Release|Any CPU
	EndGlobalSection
	GlobalSection(ProjectConfigurationPlatforms) = postSolution
		{B501F102-C6E7-BE8C-FF4C-45602ECA7649}.Debug|Any CPU.ActiveCfg = Debug|Any CPU
		{B501F102-C6E7-BE8C-FF4C-45602ECA7649}.Debug|Any CPU.Build.0 = Debug|Any CPU
		{B501F102-C6E7-BE8C-FF4C-45602ECA7649}.Release|Any CPU.ActiveCfg = Release|Any CPU
		{B501F102-C6E7-BE8C-FF4C-45602ECA7649}.Release|Any CPU.Build.0 = Release|Any CPU
		{7E9BD86C-250D-F2FC-B9FC-C7C37B9C2F5D}.Debug|Any CPU.ActiveCfg = Debug|Any CPU
		{7E9BD86C-250D-F2FC-B9FC-C7C37B9C2F5D}.Debug|Any CPU.Build.0 = Debug|Any CPU
		{7E9BD86C-250D-F2FC-B9FC-C7C37B9C2F5D}.Release|Any CPU.ActiveCfg = Release|Any CPU
		{7E9BD86C-250D-F2FC-B9FC-C7C37B9C2F5D}.Release|Any CPU.Build.0 = Release|Any CPU
	EndGlobalSection
	GlobalSection(SolutionProperties) = preSolution
		HideSolutionNode = FALSE
	EndGlobalSection
EndGlobal
